
Microsoft Visual Studio Solution File, Format Version 12.00
# Visual Studio 15
VisualStudioVersion = 15.0.26403.7
MinimumVisualStudioVersion = 10.0.40219.1
Project("{2150E333-8FDC-42A3-9474-1A3956D46DE8}") = "01 Presentacion", "01 Presentacion", "{E162CCC9-3C50-47BF-BF65-7760A2E5FFB0}"
EndProject
Project("{FAE04EC0-301F-11D3-BF4B-00C04F79EFBC}") = "ApiWeb", "ApiWeb\ApiWeb.csproj", "{5D491F8A-1BB2-4D13-99A9-BA39FA58BB31}"
EndProject
Global
	GlobalSection(SolutionConfigurationPlatforms) = preSolution
		Debug|Any CPU = Debug|Any CPU
		Release|Any CPU = Release|Any CPU
	EndGlobalSection
	GlobalSection(ProjectConfigurationPlatforms) = postSolution
		{5D491F8A-1BB2-4D13-99A9-BA39FA58BB31}.Debug|Any CPU.ActiveCfg = Debug|Any CPU
		{5D491F8A-1BB2-4D13-99A9-BA39FA58BB31}.Debug|Any CPU.Build.0 = Debug|Any CPU
		{5D491F8A-1BB2-4D13-99A9-BA39FA58BB31}.Release|Any CPU.ActiveCfg = Release|Any CPU
		{5D491F8A-1BB2-4D13-99A9-BA39FA58BB31}.Release|Any CPU.Build.0 = Release|Any CPU
	EndGlobalSection
	GlobalSection(SolutionProperties) = preSolution
		HideSolutionNode = FALSE
	EndGlobalSection
	GlobalSection(NestedProjects) = preSolution
		{5D491F8A-1BB2-4D13-99A9-BA39FA58BB31} = {E162CCC9-3C50-47BF-BF65-7760A2E5FFB0}
	EndGlobalSection
EndGlobal
